PODS:
  - Mediasoup-Client-Swift (4)

DEPENDENCIES:
  - Mediasoup-Client-Swift (from `../`)

EXTERNAL SOURCES:
  Mediasoup-Client-Swift:
    :path: "../"

SPEC CHECKSUMS:
  Mediasoup-Client-Swift: fde3f95e3a0b564cca43dab45ca1d374b122238c

PODFILE CHECKSUM: d4fe3294dd9c7fc46519b6a7b26527f1f545e8d3

COCOAPODS: 1.14.3
